
Microsoft Visual Studio Solution File, Format Version 12.00
# Visual Studio 15
VisualStudioVersion = 15.0.28010.2046
MinimumVisualStudioVersion = 10.0.40219.1
Project("{FAE04EC0-301F-11D3-BF4B-00C04F79EFBC}") = "Dymchenko", "Dymchenko\Dymchenko.csproj", "{398BF6BC-F764-4EF2-AA26-0C2CF8BFA133}"
EndProject
Project("{FAE04EC0-301F-11D3-BF4B-00C04F79EFBC}") = "DbAdapter", "DbManager\DbAdapter.csproj", "{B212F9C3-D426-45FD-9CE8-6541F38DEA6A}"
EndProject
Project("{FAE04EC0-301F-11D3-BF4B-00C04F79EFBC}") = "DbModels", "DbModels\DbModels.csproj", "{42FE324F-5414-4953-A016-180BBD52F2F4}"
EndProject
Project("{FAE04EC0-301F-11D3-BF4B-00C04F79EFBC}") = "Tools", "Tools\Tools.csproj", "{E24950FC-EDEB-4A2A-800B-C4B425460D1C}"
EndProject
Global
	GlobalSection(SolutionConfigurationPlatforms) = preSolution
		Debug|Any CPU = Debug|Any CPU
		Release|Any CPU = Release|Any CPU
	EndGlobalSection
	GlobalSection(ProjectConfigurationPlatforms) = postSolution
		{398BF6BC-F764-4EF2-AA26-0C2CF8BFA133}.Debug|Any CPU.ActiveCfg = Debug|Any CPU
		{398BF6BC-F764-4EF2-AA26-0C2CF8BFA133}.Debug|Any CPU.Build.0 = Debug|Any CPU
		{398BF6BC-F764-4EF2-AA26-0C2CF8BFA133}.Release|Any CPU.ActiveCfg = Release|Any CPU
		{398BF6BC-F764-4EF2-AA26-0C2CF8BFA133}.Release|Any CPU.Build.0 = Release|Any CPU
		{B212F9C3-D426-45FD-9CE8-6541F38DEA6A}.Debug|Any CPU.ActiveCfg = Debug|Any CPU
		{B212F9C3-D426-45FD-9CE8-6541F38DEA6A}.Debug|Any CPU.Build.0 = Debug|Any CPU
		{B212F9C3-D426-45FD-9CE8-6541F38DEA6A}.Release|Any CPU.ActiveCfg = Release|Any CPU
		{B212F9C3-D426-45FD-9CE8-6541F38DEA6A}.Release|Any CPU.Build.0 = Release|Any CPU
		{42FE324F-5414-4953-A016-180BBD52F2F4}.Debug|Any CPU.ActiveCfg = Debug|Any CPU
		{42FE324F-5414-4953-A016-180BBD52F2F4}.Debug|Any CPU.Build.0 = Debug|Any CPU
		{42FE324F-5414-4953-A016-180BBD52F2F4}.Release|Any CPU.ActiveCfg = Release|Any CPU
		{42FE324F-5414-4953-A016-180BBD52F2F4}.Release|Any CPU.Build.0 = Release|Any CPU
		{E24950FC-EDEB-4A2A-800B-C4B425460D1C}.Debug|Any CPU.ActiveCfg = Debug|Any CPU
		{E24950FC-EDEB-4A2A-800B-C4B425460D1C}.Debug|Any CPU.Build.0 = Debug|Any CPU
		{E24950FC-EDEB-4A2A-800B-C4B425460D1C}.Release|Any CPU.ActiveCfg = Release|Any CPU
		{E24950FC-EDEB-4A2A-800B-C4B425460D1C}.Release|Any CPU.Build.0 = Release|Any CPU
	EndGlobalSection
	GlobalSection(SolutionProperties) = preSolution
		HideSolutionNode = FALSE
	EndGlobalSection
	GlobalSection(ExtensibilityGlobals) = postSolution
		SolutionGuid = {6F7590C2-ED26-474D-BCB0-D8000F341895}
	EndGlobalSection
EndGlobal
